
Microsoft Visual Studio Solution File, Format Version 11.00
# Visual Studio 2010
Project("{8BC9CEB8-8B4A-11D0-8D11-00A0C91BC942}") = "WinAPI1", "WinAPI1\WinAPI1.vcxproj", "{7A401FF8-2C79-40DC-831D-A2B6DFE031AB}"
EndProject
Global
	GlobalSection(SolutionConfigurationPlatforms) = preSolution
		Debug|Win32 = Debug|Win32
		Release|Win32 = Release|Win32
	EndGlobalSection
	GlobalSection(ProjectConfigurationPlatforms) = postSolution
		{7A401FF8-2C79-40DC-831D-A2B6DFE031AB}.Debug|Win32.ActiveCfg = Debug|Win32
		{7A401FF8-2C79-40DC-831D-A2B6DFE031AB}.Debug|Win32.Build.0 = Debug|Win32
		{7A401FF8-2C79-40DC-831D-A2B6DFE031AB}.Release|Win32.ActiveCfg = Release|Win32
		{7A401FF8-2C79-40DC-831D-A2B6DFE031AB}.Release|Win32.Build.0 = Release|Win32
	EndGlobalSection
	GlobalSection(SolutionProperties) = preSolution
		HideSolutionNode = FALSE
	EndGlobalSection
EndGlobal
